
Microsoft Visual Studio Solution File, Format Version 12.00
# Visual Studio 2012
Project("{FAE04EC0-301F-11D3-BF4B-00C04F79EFBC}") = "NJson", "NJson\NJson.csproj", "{16E93F3C-5499-4724-9685-75A4AB2EC4D2}"
EndProject
Project("{FAE04EC0-301F-11D3-BF4B-00C04F79EFBC}") = "NJson Tests", "NJson Tests\NJson Tests.csproj", "{295F5C6F-53D2-4413-992F-371CCFEDF277}"
EndProject
Global
	GlobalSection(SolutionConfigurationPlatforms) = preSolution
		Debug|Any CPU = Debug|Any CPU
		Default|Any CPU = Default|Any CPU
		Release|Any CPU = Release|Any CPU
	EndGlobalSection
	GlobalSection(ProjectConfigurationPlatforms) = postSolution
		{16E93F3C-5499-4724-9685-75A4AB2EC4D2}.Debug|Any CPU.ActiveCfg = Debug|Any CPU
		{16E93F3C-5499-4724-9685-75A4AB2EC4D2}.Debug|Any CPU.Build.0 = Debug|Any CPU
		{16E93F3C-5499-4724-9685-75A4AB2EC4D2}.Default|Any CPU.ActiveCfg = Debug|Any CPU
		{16E93F3C-5499-4724-9685-75A4AB2EC4D2}.Default|Any CPU.Build.0 = Debug|Any CPU
		{16E93F3C-5499-4724-9685-75A4AB2EC4D2}.Release|Any CPU.ActiveCfg = Release|Any CPU
		{16E93F3C-5499-4724-9685-75A4AB2EC4D2}.Release|Any CPU.Build.0 = Release|Any CPU
		{295F5C6F-53D2-4413-992F-371CCFEDF277}.Debug|Any CPU.ActiveCfg = Debug|Any CPU
		{295F5C6F-53D2-4413-992F-371CCFEDF277}.Debug|Any CPU.Build.0 = Debug|Any CPU
		{295F5C6F-53D2-4413-992F-371CCFEDF277}.Default|Any CPU.ActiveCfg = Debug|Any CPU
		{295F5C6F-53D2-4413-992F-371CCFEDF277}.Default|Any CPU.Build.0 = Debug|Any CPU
		{295F5C6F-53D2-4413-992F-371CCFEDF277}.Release|Any CPU.ActiveCfg = Release|Any CPU
		{295F5C6F-53D2-4413-992F-371CCFEDF277}.Release|Any CPU.Build.0 = Release|Any CPU
	EndGlobalSection
	GlobalSection(SolutionProperties) = preSolution
		HideSolutionNode = FALSE
	EndGlobalSection
	GlobalSection(MonoDevelopProperties) = preSolution
		StartupItem = NJson Tests\NJson Tests.csproj
		Policies = $0
		$0.VersionControlPolicy = $1
		$1.inheritsSet = Mono
		$0.ChangeLogPolicy = $2
		$2.UpdateMode = None
		$2.MessageStyle = $3
		$3.LineAlign = 0
		$2.inheritsSet = Mono
	EndGlobalSection
EndGlobal
